
Microsoft Visual Studio Solution File, Format Version 12.00
# Visual Studio Version 17
VisualStudioVersion = 17.5.33516.290
MinimumVisualStudioVersion = 10.0.40219.1
Project("{FAE04EC0-301F-11D3-BF4B-00C04F79EFBC}") = "AlgoLexer", "AlgoLexer\AlgoLexer.csproj", "{9236CCF4-B5A1-472B-9266-C5D5535CD5A6}"
EndProject
Project("{FAE04EC0-301F-11D3-BF4B-00C04F79EFBC}") = "AlgoLexerApi.Models", "AlgoLexerApi.Models\AlgoLexerApi.Models.csproj", "{6B638316-7C1C-4D48-88C4-1E222354309A}"
EndProject
Global
	GlobalSection(SolutionConfigurationPlatforms) = preSolution
		Debug|Any CPU = Debug|Any CPU
		Release|Any CPU = Release|Any CPU
	EndGlobalSection
	GlobalSection(ProjectConfigurationPlatforms) = postSolution
		{9236CCF4-B5A1-472B-9266-C5D5535CD5A6}.Debug|Any CPU.ActiveCfg = Debug|Any CPU
		{9236CCF4-B5A1-472B-9266-C5D5535CD5A6}.Debug|Any CPU.Build.0 = Debug|Any CPU
		{9236CCF4-B5A1-472B-9266-C5D5535CD5A6}.Release|Any CPU.ActiveCfg = Release|Any CPU
		{9236CCF4-B5A1-472B-9266-C5D5535CD5A6}.Release|Any CPU.Build.0 = Release|Any CPU
		{6B638316-7C1C-4D48-88C4-1E222354309A}.Debug|Any CPU.ActiveCfg = Debug|Any CPU
		{6B638316-7C1C-4D48-88C4-1E222354309A}.Debug|Any CPU.Build.0 = Debug|Any CPU
		{6B638316-7C1C-4D48-88C4-1E222354309A}.Release|Any CPU.ActiveCfg = Release|Any CPU
		{6B638316-7C1C-4D48-88C4-1E222354309A}.Release|Any CPU.Build.0 = Release|Any CPU
	EndGlobalSection
	GlobalSection(SolutionProperties) = preSolution
		HideSolutionNode = FALSE
	EndGlobalSection
	GlobalSection(ExtensibilityGlobals) = postSolution
		SolutionGuid = {7D0A81A4-AD48-4AE0-8E4C-4081F8A63FB9}
	EndGlobalSection
EndGlobal
